
Microsoft Visual Studio Solution File, Format Version 12.00
# Visual Studio Version 17
VisualStudioVersion = 17.14.36212.18 d17.14
MinimumVisualStudioVersion = 10.0.40219.1
Project("{FAE04EC0-301F-11D3-BF4B-00C04F79EFBC}") = "BlaisePascal.SimulazioneVerifica.Domain", "src\BlaisePascal.SimulazioneVerifica.Domain\BlaisePascal.SimulazioneVerifica.Domain.csproj", "{D8B94274-7131-4289-B340-A95C664ADE80}"
EndProject
Project("{2150E333-8FDC-42A3-9474-1A3956D46DE8}") = "src", "src", "{6C83A596-D32D-B35F-00DD-F0C99B673980}"
EndProject
Global
	GlobalSection(SolutionConfigurationPlatforms) = preSolution
		Debug|Any CPU = Debug|Any CPU
		Release|Any CPU = Release|Any CPU
	EndGlobalSection
	GlobalSection(ProjectConfigurationPlatforms) = postSolution
		{D8B94274-7131-4289-B340-A95C664ADE80}.Debug|Any CPU.ActiveCfg = Debug|Any CPU
		{D8B94274-7131-4289-B340-A95C664ADE80}.Debug|Any CPU.Build.0 = Debug|Any CPU
		{D8B94274-7131-4289-B340-A95C664ADE80}.Release|Any CPU.ActiveCfg = Release|Any CPU
		{D8B94274-7131-4289-B340-A95C664ADE80}.Release|Any CPU.Build.0 = Release|Any CPU
	EndGlobalSection
	GlobalSection(SolutionProperties) = preSolution
		HideSolutionNode = FALSE
	EndGlobalSection
	GlobalSection(NestedProjects) = preSolution
		{D8B94274-7131-4289-B340-A95C664ADE80} = {6C83A596-D32D-B35F-00DD-F0C99B673980}
	EndGlobalSection
	GlobalSection(ExtensibilityGlobals) = postSolution
		SolutionGuid = {B7A6E2F5-BD3F-4FD8-98A6-8AC3D20A63E5}
	EndGlobalSection
EndGlobal
